// !$*UTF8*$!
{
	archiveVersion = 1;
	classes = {
	};
	objectVersion = 55;
	objects = {

/* Begin PBXBuildFile section */
		639D3BF3282A2B0F003B3D41 /* AppDelegate.swift in Sources */ = {isa = PBXBuildFile; fileRef = 639D3BF2282A2B0F003B3D41 /* AppDelegate.swift */; };
		639D3BF5282A2B0F003B3D41 /* SceneDelegate.swift in Sources */ = {isa = PBXBuildFile; fileRef = 639D3BF4282A2B0F003B3D41 /* SceneDelegate.swift */; };
		639D3BF7282A2B0F003B3D41 /* MainTabBarViewController.swift in Sources */ = {isa = PBXBuildFile; fileRef = 639D3BF6282A2B0F003B3D41 /* MainTabBarViewController.swift */; };
		639D3BFC282A2B10003B3D41 /* Assets.xcassets in Resources */ = {isa = PBXBuildFile; fileRef = 639D3BFB282A2B10003B3D41 /* Assets.xcassets */; };
		639D3BFF282A2B10003B3D41 /* LaunchScreen.storyboard in Resources */ = {isa = PBXBuildFile; fileRef = 639D3BFD282A2B10003B3D41 /* LaunchScreen.storyboard */; };
		639D3C0C282A2CB5003B3D41 /* HomeViewController.swift in Sources */ = {isa = PBXBuildFile; fileRef = 639D3C0B282A2CB5003B3D41 /* HomeViewController.swift */; };
		639D3C0E282A2CC2003B3D41 /* SearchViewController.swift in Sources */ = {isa = PBXBuildFile; fileRef = 639D3C0D282A2CC2003B3D41 /* SearchViewController.swift */; };
		639D3C10282A2CD7003B3D41 /* NotificationViewController.swift in Sources */ = {isa = PBXBuildFile; fileRef = 639D3C0F282A2CD7003B3D41 /* NotificationViewController.swift */; };
		639D3C12282A2CF6003B3D41 /* DirectMessagesViewController.swift in Sources */ = {isa = PBXBuildFile; fileRef = 639D3C11282A2CF6003B3D41 /* DirectMessagesViewController.swift */; };
		639D3C14282A32CB003B3D41 /* TweetTableViewCell.swift in Sources */ = {isa = PBXBuildFile; fileRef = 639D3C13282A32CB003B3D41 /* TweetTableViewCell.swift */; };
		63ACA5CB28696824006132A0 /* ProfileTableViewHeader.swift in Sources */ = {isa = PBXBuildFile; fileRef = 63ACA5CA28696824006132A0 /* ProfileTableViewHeader.swift */; };
		63BFF1EA283613B600022BD4 /* ProfileViewController.swift in Sources */ = {isa = PBXBuildFile; fileRef = 63BFF1E9283613B600022BD4 /* ProfileViewController.swift */; };
/* End PBXBuildFile section */

/* Begin PBXFileReference section */
		639D3BEF282A2B0F003B3D41 /* TwitterClone.app */ = {isa = PBXFileReference; explicitFileType = wrapper.application; includeInIndex = 0; path = TwitterClone.app; sourceTree = BUILT_PRODUCTS_DIR; };
		639D3BF2282A2B0F003B3D41 /* AppDelegate.swift */ = {isa = PBXFileReference; lastKnownFileType = sourcecode.swift; path = AppDelegate.swift; sourceTree = "<group>"; };
		639D3BF4282A2B0F003B3D41 /* SceneDelegate.swift */ = {isa = PBXFileReference; lastKnownFileType = sourcecode.swift; path = SceneDelegate.swift; sourceTree = "<group>"; };
		639D3BF6282A2B0F003B3D41 /* MainTabBarViewController.swift */ = {isa = PBXFileReference; lastKnownFileType = sourcecode.swift; path = MainTabBarViewController.swift; sourceTree = "<group>"; };
		639D3BFB282A2B10003B3D41 /* Assets.xcassets */ = {isa = PBXFileReference; lastKnownFileType = folder.assetcatalog; path = Assets.xcassets; sourceTree = "<group>"; };
		639D3BFE282A2B10003B3D41 /* Base */ = {isa = PBXFileReference; lastKnownFileType = file.storyboard; name = Base; path = Base.lproj/LaunchScreen.storyboard; sourceTree = "<group>"; };
		639D3C00282A2B10003B3D41 /* Info.plist */ = {isa = PBXFileReference; lastKnownFileType = text.plist.xml; path = Info.plist; sourceTree = "<group>"; };
		639D3C0B282A2CB5003B3D41 /* HomeViewController.swift */ = {isa = PBXFileReference; lastKnownFileType = sourcecode.swift; path = HomeViewController.swift; sourceTree = "<group>"; };
		639D3C0D282A2CC2003B3D41 /* SearchViewController.swift */ = {isa = PBXFileReference; lastKnownFileType = sourcecode.swift; path = SearchViewController.swift; sourceTree = "<group>"; };
		639D3C0F282A2CD7003B3D41 /* NotificationViewController.swift */ = {isa = PBXFileReference; lastKnownFileType = sourcecode.swift; path = NotificationViewController.swift; sourceTree = "<group>"; };
		639D3C11282A2CF6003B3D41 /* DirectMessagesViewController.swift */ = {isa = PBXFileReference; lastKnownFileType = sourcecode.swift; path = DirectMessagesViewController.swift; sourceTree = "<group>"; };
		639D3C13282A32CB003B3D41 /* TweetTableViewCell.swift */ = {isa = PBXFileReference; lastKnownFileType = sourcecode.swift; path = TweetTableViewCell.swift; sourceTree = "<group>"; };
		63ACA5CA28696824006132A0 /* ProfileTableViewHeader.swift */ = {isa = PBXFileReference; lastKnownFileType = sourcecode.swift; path = ProfileTableViewHeader.swift; sourceTree = "<group>"; };
		63BFF1E9283613B600022BD4 /* ProfileViewController.swift */ = {isa = PBXFileReference; lastKnownFileType = sourcecode.swift; path = ProfileViewController.swift; sourceTree = "<group>"; };
/* End PBXFileReference section */

/* Begin PBXFrameworksBuildPhase section */
		639D3BEC282A2B0F003B3D41 /* Frameworks */ = {
			isa = PBXFrameworksBuildPhase;
			buildActionMask = 2147483647;
			files = (
			);
			runOnlyForDeploymentPostprocessing = 0;
		};
/* End PBXFrameworksBuildPhase section */

/* Begin PBXGroup section */
		639D3BE6282A2B0F003B3D41 = {
			isa = PBXGroup;
			children = (
				639D3BF1282A2B0F003B3D41 /* TwitterClone */,
				639D3BF0282A2B0F003B3D41 /* Products */,
			);
			sourceTree = "<group>";
		};
		639D3BF0282A2B0F003B3D41 /* Products */ = {
			isa = PBXGroup;
			children = (
				639D3BEF282A2B0F003B3D41 /* TwitterClone.app */,
			);
			name = Products;
			sourceTree = "<group>";
		};
		639D3BF1282A2B0F003B3D41 /* TwitterClone */ = {
			isa = PBXGroup;
			children = (
				639D3C08282A2C85003B3D41 /* Models */,
				639D3C07282A2C7C003B3D41 /* Views */,
				639D3C06282A2C76003B3D41 /* Controllers */,
				639D3BF2282A2B0F003B3D41 /* AppDelegate.swift */,
				639D3BF4282A2B0F003B3D41 /* SceneDelegate.swift */,
				639D3BFB282A2B10003B3D41 /* Assets.xcassets */,
				639D3BFD282A2B10003B3D41 /* LaunchScreen.storyboard */,
				639D3C00282A2B10003B3D41 /* Info.plist */,
			);
			path = TwitterClone;
			sourceTree = "<group>";
		};
		639D3C06282A2C76003B3D41 /* Controllers */ = {
			isa = PBXGroup;
			children = (
				639D3C0A282A2C9C003B3D41 /* General */,
				639D3C09282A2C8B003B3D41 /* Core */,
			);
			path = Controllers;
			sourceTree = "<group>";
		};
		639D3C07282A2C7C003B3D41 /* Views */ = {
			isa = PBXGroup;
			children = (
				639D3C13282A32CB003B3D41 /* TweetTableViewCell.swift */,
				63ACA5CA28696824006132A0 /* ProfileTableViewHeader.swift */,
			);
			path = Views;
			sourceTree = "<group>";
		};
		639D3C08282A2C85003B3D41 /* Models */ = {
			isa = PBXGroup;
			children = (
			);
			path = Models;
			sourceTree = "<group>";
		};
		639D3C09282A2C8B003B3D41 /* Core */ = {
			isa = PBXGroup;
			children = (
				639D3BF6282A2B0F003B3D41 /* MainTabBarViewController.swift */,
				639D3C0B282A2CB5003B3D41 /* HomeViewController.swift */,
				639D3C0D282A2CC2003B3D41 /* SearchViewController.swift */,
				639D3C0F282A2CD7003B3D41 /* NotificationViewController.swift */,
				639D3C11282A2CF6003B3D41 /* DirectMessagesViewController.swift */,
			);
			path = Core;
			sourceTree = "<group>";
		};
		639D3C0A282A2C9C003B3D41 /* General */ = {
			isa = PBXGroup;
			children = (
				63BFF1E9283613B600022BD4 /* ProfileViewController.swift */,
			);
			path = General;
			sourceTree = "<group>";
		};
/* End PBXGroup section */

/* Begin PBXNativeTarget section */
		639D3BEE282A2B0F003B3D41 /* TwitterClone */ = {
			isa = PBXNativeTarget;
			buildConfigurationList = 639D3C03282A2B10003B3D41 /* Build configuration list for PBXNativeTarget "TwitterClone" */;
			buildPhases = (
				639D3BEB282A2B0F003B3D41 /* Sources */,
				639D3BEC282A2B0F003B3D41 /* Frameworks */,
				639D3BED282A2B0F003B3D41 /* Resources */,
			);
			buildRules = (
			);
			dependencies = (
			);
			name = TwitterClone;
			productName = TwitterClone;
			productReference = 639D3BEF282A2B0F003B3D41 /* TwitterClone.app */;
			productType = "com.apple.product-type.application";
		};
/* End PBXNativeTarget section */

/* Begin PBXProject section */
		639D3BE7282A2B0F003B3D41 /* Project object */ = {
			isa = PBXProject;
			attributes = {
				BuildIndependentTargetsInParallel = 1;
				LastSwiftUpdateCheck = 1310;
				LastUpgradeCheck = 1310;
				TargetAttributes = {
					639D3BEE282A2B0F003B3D41 = {
						CreatedOnToolsVersion = 13.1;
					};
				};
			};
			buildConfigurationList = 639D3BEA282A2B0F003B3D41 /* Build configuration list for PBXProject "TwitterClone" */;
			compatibilityVersion = "Xcode 13.0";
			developmentRegion = en;
			hasScannedForEncodings = 0;
			knownRegions = (
				en,
				Base,
			);
			mainGroup = 639D3BE6282A2B0F003B3D41;
			productRefGroup = 639D3BF0282A2B0F003B3D41 /* Products */;
			projectDirPath = "";
			projectRoot = "";
			targets = (
				639D3BEE282A2B0F003B3D41 /* TwitterClone */,
			);
		};
/* End PBXProject section */

/* Begin PBXResourcesBuildPhase section */
		639D3BED282A2B0F003B3D41 /* Resources */ = {
			isa = PBXResourcesBuildPhase;
			buildActionMask = 2147483647;
			files = (
				639D3BFF282A2B10003B3D41 /* LaunchScreen.storyboard in Resources */,
				639D3BFC282A2B10003B3D41 /* Assets.xcassets in Resources */,
			);
			runOnlyForDeploymentPostprocessing = 0;
		};
/* End PBXResourcesBuildPhase section */

/* Begin PBXSourcesBuildPhase section */
		639D3BEB282A2B0F003B3D41 /* Sources */ = {
			isa = PBXSourcesBuildPhase;
			buildActionMask = 2147483647;
			files = (
				639D3C0E282A2CC2003B3D41 /* SearchViewController.swift in Sources */,
				639D3BF7282A2B0F003B3D41 /* MainTabBarViewController.swift in Sources */,
				639D3C10282A2CD7003B3D41 /* NotificationViewController.swift in Sources */,
				639D3BF3282A2B0F003B3D41 /* AppDelegate.swift in Sources */,
				639D3BF5282A2B0F003B3D41 /* SceneDelegate.swift in Sources */,
				639D3C0C282A2CB5003B3D41 /* HomeViewController.swift in Sources */,
				63BFF1EA283613B600022BD4 /* ProfileViewController.swift in Sources */,
				639D3C12282A2CF6003B3D41 /* DirectMessagesViewController.swift in Sources */,
				63ACA5CB28696824006132A0 /* ProfileTableViewHeader.swift in Sources */,
				639D3C14282A32CB003B3D41 /* TweetTableViewCell.swift in Sources */,
			);
			runOnlyForDeploymentPostprocessing = 0;
		};
/* End PBXSourcesBuildPhase section */

/* Begin PBXVariantGroup section */
		639D3BFD282A2B10003B3D41 /* LaunchScreen.storyboard */ = {
			isa = PBXVariantGroup;
			children = (
				639D3BFE282A2B10003B3D41 /* Base */,
			);
			name = LaunchScreen.storyboard;
			sourceTree = "<group>";
		};
/* End PBXVariantGroup section */

/* Begin XCBuildConfiguration section */
		639D3C01282A2B10003B3D41 /* Debug */ = {
			isa = XCBuildConfiguration;
			buildSettings = {
				ALWAYS_SEARCH_USER_PATHS = NO;
				CLANG_ANALYZER_NONNULL = YES;
				CLANG_ANALYZER_NUMBER_OBJECT_CONVERSION = YES_AGGRESSIVE;
				CLANG_CXX_LANGUAGE_STANDARD = "gnu++17";
				CLANG_CXX_LIBRARY = "libc++";
				CLANG_ENABLE_MODULES = YES;
				CLANG_ENABLE_OBJC_ARC = YES;
				CLANG_ENABLE_OBJC_WEAK = YES;
				CLANG_WARN_BLOCK_CAPTURE_AUTORELEASING = YES;
				CLANG_WARN_BOOL_CONVERSION = YES;
				CLANG_WARN_COMMA = YES;
				CLANG_WARN_CONSTANT_CONVERSION = YES;
				CLANG_WARN_DEPRECATED_OBJC_IMPLEMENTATIONS = YES;
				CLANG_WARN_DIRECT_OBJC_ISA_USAGE = YES_ERROR;
				CLANG_WARN_DOCUMENTATION_COMMENTS = YES;
				CLANG_WARN_EMPTY_BODY = YES;
				CLANG_WARN_ENUM_CONVERSION = YES;
				CLANG_WARN_INFINITE_RECURSION = YES;
				CLANG_WARN_INT_CONVERSION = YES;
				CLANG_WARN_NON_LITERAL_NULL_CONVERSION = YES;
				CLANG_WARN_OBJC_IMPLICIT_RETAIN_SELF = YES;
				CLANG_WARN_OBJC_LITERAL_CONVERSION = YES;
				CLANG_WARN_OBJC_ROOT_CLASS = YES_ERROR;
				CLANG_WARN_QUOTED_INCLUDE_IN_FRAMEWORK_HEADER = YES;
				CLANG_WARN_RANGE_LOOP_ANALYSIS = YES;
				CLANG_WARN_STRICT_PROTOTYPES = YES;
				CLANG_WARN_SUSPICIOUS_MOVE = YES;
				CLANG_WARN_UNGUARDED_AVAILABILITY = YES_AGGRESSIVE;
				CLANG_WARN_UNREACHABLE_CODE = YES;
				CLANG_WARN__DUPLICATE_METHOD_MATCH = YES;
				COPY_PHASE_STRIP = NO;
				DEBUG_INFORMATION_FORMAT = dwarf;
				ENABLE_STRICT_OBJC_MSGSEND = YES;
				ENABLE_TESTABILITY = YES;
				GCC_C_LANGUAGE_STANDARD = gnu11;
				GCC_DYNAMIC_NO_PIC = NO;
				GCC_NO_COMMON_BLOCKS = YES;
				GCC_OPTIMIZATION_LEVEL = 0;
				GCC_PREPROCESSOR_DEFINITIONS = (
					"DEBUG=1",
					"$(inherited)",
				);
				GCC_WARN_64_TO_32_BIT_CONVERSION = YES;
				GCC_WARN_ABOUT_RETURN_TYPE = YES_ERROR;
				GCC_WARN_UNDECLARED_SELECTOR = YES;
				GCC_WARN_UNINITIALIZED_AUTOS = YES_AGGRESSIVE;
				GCC_WARN_UNUSED_FUNCTION = YES;
				GCC_WARN_UNUSED_VARIABLE = YES;
				IPHONEOS_DEPLOYMENT_TARGET = 15.0;
				MTL_ENABLE_DEBUG_INFO = INCLUDE_SOURCE;
				MTL_FAST_MATH = YES;
				ONLY_ACTIVE_ARCH = YES;
				SDKROOT = iphoneos;
				SWIFT_ACTIVE_COMPILATION_CONDITIONS = DEBUG;
				SWIFT_OPTIMIZATION_LEVEL = "-Onone";
			};
			name = Debug;
		};
		639D3C02282A2B10003B3D41 /* Release */ = {
			isa = XCBuildConfiguration;
			buildSettings = {
				ALWAYS_SEARCH_USER_PATHS = NO;
				CLANG_ANALYZER_NONNULL = YES;
				CLANG_ANALYZER_NUMBER_OBJECT_CONVERSION = YES_AGGRESSIVE;
				CLANG_CXX_LANGUAGE_STANDARD = "gnu++17";
				CLANG_CXX_LIBRARY = "libc++";
				CLANG_ENABLE_MODULES = YES;
				CLANG_ENABLE_OBJC_ARC = YES;
				CLANG_ENABLE_OBJC_WEAK = YES;
				CLANG_WARN_BLOCK_CAPTURE_AUTORELEASING = YES;
				CLANG_WARN_BOOL_CONVERSION = YES;
				CLANG_WARN_COMMA = YES;
				CLANG_WARN_CONSTANT_CONVERSION = YES;
				CLANG_WARN_DEPRECATED_OBJC_IMPLEMENTATIONS = YES;
				CLANG_WARN_DIRECT_OBJC_ISA_USAGE = YES_ERROR;
				CLANG_WARN_DOCUMENTATION_COMMENTS = YES;
				CLANG_WARN_EMPTY_BODY = YES;
				CLANG_WARN_ENUM_CONVERSION = YES;
				CLANG_WARN_INFINITE_RECURSION = YES;
				CLANG_WARN_INT_CONVERSION = YES;
				CLANG_WARN_NON_LITERAL_NULL_CONVERSION = YES;
				CLANG_WARN_OBJC_IMPLICIT_RETAIN_SELF = YES;
				CLANG_WARN_OBJC_LITERAL_CONVERSION = YES;
				CLANG_WARN_OBJC_ROOT_CLASS = YES_ERROR;
				CLANG_WARN_QUOTED_INCLUDE_IN_FRAMEWORK_HEADER = YES;
				CLANG_WARN_RANGE_LOOP_ANALYSIS = YES;
				CLANG_WARN_STRICT_PROTOTYPES = YES;
				CLANG_WARN_SUSPICIOUS_MOVE = YES;
				CLANG_WARN_UNGUARDED_AVAILABILITY = YES_AGGRESSIVE;
				CLANG_WARN_UNREACHABLE_CODE = YES;
				CLANG_WARN__DUPLICATE_METHOD_MATCH = YES;
				COPY_PHASE_STRIP = NO;
				DEBUG_INFORMATION_FORMAT = "dwarf-with-dsym";
				ENABLE_NS_ASSERTIONS = NO;
				ENABLE_STRICT_OBJC_MSGSEND = YES;
				GCC_C_LANGUAGE_STANDARD = gnu11;
				GCC_NO_COMMON_BLOCKS = YES;
				GCC_WARN_64_TO_32_BIT_CONVERSION = YES;
				GCC_WARN_ABOUT_RETURN_TYPE = YES_ERROR;
				GCC_WARN_UNDECLARED_SELECTOR = YES;
				GCC_WARN_UNINITIALIZED_AUTOS = YES_AGGRESSIVE;
				GCC_WARN_UNUSED_FUNCTION = YES;
				GCC_WARN_UNUSED_VARIABLE = YES;
				IPHONEOS_DEPLOYMENT_TARGET = 15.0;
				MTL_ENABLE_DEBUG_INFO = NO;
				MTL_FAST_MATH = YES;
				SDKROOT = iphoneos;
				SWIFT_COMPILATION_MODE = wholemodule;
				SWIFT_OPTIMIZATION_LEVEL = "-O";
				VALIDATE_PRODUCT = YES;
			};
			name = Release;
		};
		639D3C04282A2B10003B3D41 /* Debug */ = {
			isa = XCBuildConfiguration;
			buildSettings = {
				ASSETCATALOG_COMPILER_APPICON_NAME = AppIcon;
				ASSETCATALOG_COMPILER_GLOBAL_ACCENT_COLOR_NAME = AccentColor;
				CODE_SIGN_STYLE = Automatic;
				CURRENT_PROJECT_VERSION = 1;
				DEVELOPMENT_TEAM = WUJ5ZM42NZ;
				GENERATE_INFOPLIST_FILE = YES;
				INFOPLIST_FILE = TwitterClone/Info.plist;
				INFOPLIST_KEY_UIApplicationSupportsIndirectInputEvents = YES;
				INFOPLIST_KEY_UILaunchStoryboardName = LaunchScreen;
				INFOPLIST_KEY_UISupportedInterfaceOrientations_iPad = "UIInterfaceOrientationPortrait UIInterfaceOrientationPortraitUpsideDown UIInterfaceOrientationLandscapeLeft UIInterfaceOrientationLandscapeRight";
				INFOPLIST_KEY_UISupportedInterfaceOrientations_iPhone = "UIInterfaceOrientationPortrait UIInterfaceOrientationLandscapeLeft UIInterfaceOrientationLandscapeRight";
				LD_RUNPATH_SEARCH_PATHS = (
					"$(inherited)",
					"@executable_path/Frameworks",
				);
				MARKETING_VERSION = 1.0;
				PRODUCT_BUNDLE_IDENTIFIER = com.alshdjv.TwitterClone;
				PRODUCT_NAME = "$(TARGET_NAME)";
				SWIFT_EMIT_LOC_STRINGS = YES;
				SWIFT_VERSION = 5.0;
				TARGETED_DEVICE_FAMILY = "1,2";
			};
			name = Debug;
		};
		639D3C05282A2B10003B3D41 /* Release */ = {
			isa = XCBuildConfiguration;
			buildSettings = {
				ASSETCATALOG_COMPILER_APPICON_NAME = AppIcon;
				ASSETCATALOG_COMPILER_GLOBAL_ACCENT_COLOR_NAME = AccentColor;
				CODE_SIGN_STYLE = Automatic;
				CURRENT_PROJECT_VERSION = 1;
				DEVELOPMENT_TEAM = WUJ5ZM42NZ;
				GENERATE_INFOPLIST_FILE = YES;
				INFOPLIST_FILE = TwitterClone/Info.plist;
				INFOPLIST_KEY_UIApplicationSupportsIndirectInputEvents = YES;
				INFOPLIST_KEY_UILaunchStoryboardName = LaunchScreen;
				INFOPLIST_KEY_UISupportedInterfaceOrientations_iPad = "UIInterfaceOrientationPortrait UIInterfaceOrientationPortraitUpsideDown UIInterfaceOrientationLandscapeLeft UIInterfaceOrientationLandscapeRight";
				INFOPLIST_KEY_UISupportedInterfaceOrientations_iPhone = "UIInterfaceOrientationPortrait UIInterfaceOrientationLandscapeLeft UIInterfaceOrientationLandscapeRight";
				LD_RUNPATH_SEARCH_PATHS = (
					"$(inherited)",
					"@executable_path/Frameworks",
				);
				MARKETING_VERSION = 1.0;
				PRODUCT_BUNDLE_IDENTIFIER = com.alshdjv.TwitterClone;
				PRODUCT_NAME = "$(TARGET_NAME)";
				SWIFT_EMIT_LOC_STRINGS = YES;
				SWIFT_VERSION = 5.0;
				TARGETED_DEVICE_FAMILY = "1,2";
			};
			name = Release;
		};
/* End XCBuildConfiguration section */

/* Begin XCConfigurationList section */
		639D3BEA282A2B0F003B3D41 /* Build configuration list for PBXProject "TwitterClone" */ = {
			isa = XCConfigurationList;
			buildConfigurations = (
				639D3C01282A2B10003B3D41 /* Debug */,
				639D3C02282A2B10003B3D41 /* Release */,
			);
			defaultConfigurationIsVisible = 0;
			defaultConfigurationName = Release;
		};
		639D3C03282A2B10003B3D41 /* Build configuration list for PBXNativeTarget "TwitterClone" */ = {
			isa = XCConfigurationList;
			buildConfigurations = (
				639D3C04282A2B10003B3D41 /* Debug */,
				639D3C05282A2B10003B3D41 /* Release */,
			);
			defaultConfigurationIsVisible = 0;
			defaultConfigurationName = Release;
		};
/* End XCConfigurationList section */
	};
	rootObject = 639D3BE7282A2B0F003B3D41 /* Project object */;
}
